Microsoft Visual Studio Solution File, Format Version 12.00
# Visual Studio Version 17
VisualStudioVersion = 17.5.2.0
MinimumVisualStudioVersion = 10.0.40219.1
Project("{FAE04EC0-301F-11D3-BF4B-00C04F79EFBC}") = "ProtocolServer", "ProtocolServer.csproj", "{7252AAEA-E754-962B-FA8E-D6C6DB839106}"
EndProject
Global
	GlobalSection(SolutionConfigurationPlatforms) = preSolution
		Debug|Any CPU = Debug|Any CPU
		Release|Any CPU = Release|Any CPU
	EndGlobalSection
	GlobalSection(ProjectConfigurationPlatforms) = postSolution
		{7252AAEA-E754-962B-FA8E-D6C6DB839106}.Debug|Any CPU.ActiveCfg = Debug|Any CPU
		{7252AAEA-E754-962B-FA8E-D6C6DB839106}.Debug|Any CPU.Build.0 = Debug|Any CPU
		{7252AAEA-E754-962B-FA8E-D6C6DB839106}.Release|Any CPU.ActiveCfg = Release|Any CPU
		{7252AAEA-E754-962B-FA8E-D6C6DB839106}.Release|Any CPU.Build.0 = Release|Any CPU
	EndGlobalSection
	GlobalSection(SolutionProperties) = preSolution
		HideSolutionNode = FALSE
	EndGlobalSection
	GlobalSection(ExtensibilityGlobals) = postSolution
		SolutionGuid = {11543005-6622-4162-85C6-EAD8D04624B7}
	EndGlobalSection
EndGlobal
